// !$*UTF8*$!
{
	archiveVersion = 1;
	classes = {
	};
	objectVersion = 46;
	objects = {

/* Begin PBXBuildFile section */
		A489A79C1EF182D000D5DD07 /* AppDelegate.swift in Sources */ = {isa = PBXBuildFile; fileRef = A489A79B1EF182D000D5DD07 /* AppDelegate.swift */; };
		A489A79E1EF182D000D5DD07 /* ViewController.swift in Sources */ = {isa = PBXBuildFile; fileRef = A489A79D1EF182D000D5DD07 /* ViewController.swift */; };
		A489A7A11EF182D000D5DD07 /* Main.storyboard in Resources */ = {isa = PBXBuildFile; fileRef = A489A79F1EF182D000D5DD07 /* Main.storyboard */; };
		A489A7A31EF182D000D5DD07 /* Assets.xcassets in Resources */ = {isa = PBXBuildFile; fileRef = A489A7A21EF182D000D5DD07 /* Assets.xcassets */; };
		A489A7A61EF182D000D5DD07 /* LaunchScreen.storyboard in Resources */ = {isa = PBXBuildFile; fileRef = A489A7A41EF182D000D5DD07 /* LaunchScreen.storyboard */; };
		A489A7AF1EF1848600D5DD07 /* PieView.swift in Sources */ = {isa = PBXBuildFile; fileRef = A489A7AE1EF1848600D5DD07 /* PieView.swift */; };
/* End PBXBuildFile section */

/* Begin PBXFileReference section */
		A489A7981EF182D000D5DD07 /* LiveRendering.app */ = {isa = PBXFileReference; explicitFileType = wrapper.application; includeInIndex = 0; path = LiveRendering.app; sourceTree = BUILT_PRODUCTS_DIR; };
		A489A79B1EF182D000D5DD07 /* AppDelegate.swift */ = {isa = PBXFileReference; lastKnownFileType = sourcecode.swift; path = AppDelegate.swift; sourceTree = "<group>"; };
		A489A79D1EF182D000D5DD07 /* ViewController.swift */ = {isa = PBXFileReference; lastKnownFileType = sourcecode.swift; path = ViewController.swift; sourceTree = "<group>"; };
		A489A7A01EF182D000D5DD07 /* Base */ = {isa = PBXFileReference; lastKnownFileType = file.storyboard; name = Base; path = Base.lproj/Main.storyboard; sourceTree = "<group>"; };
		A489A7A21EF182D000D5DD07 /* Assets.xcassets */ = {isa = PBXFileReference; lastKnownFileType = folder.assetcatalog; path = Assets.xcassets; sourceTree = "<group>"; };
		A489A7A51EF182D000D5DD07 /* Base */ = {isa = PBXFileReference; lastKnownFileType = file.storyboard; name = Base; path = Base.lproj/LaunchScreen.storyboard; sourceTree = "<group>"; };
		A489A7A71EF182D000D5DD07 /* Info.plist */ = {isa = PBXFileReference; lastKnownFileType = text.plist.xml; path = Info.plist; sourceTree = "<group>"; };
		A489A7AE1EF1848600D5DD07 /* PieView.swift */ = {isa = PBXFileReference; fileEncoding = 4; lastKnownFileType = sourcecode.swift; path = PieView.swift; sourceTree = "<group>"; };
/* End PBXFileReference section */

/* Begin PBXFrameworksBuildPhase section */
		A489A7951EF182D000D5DD07 /* Frameworks */ = {
			isa = PBXFrameworksBuildPhase;
			buildActionMask = 2147483647;
			files = (
			);
			runOnlyForDeploymentPostprocessing = 0;
		};
/* End PBXFrameworksBuildPhase section */

/* Begin PBXGroup section */
		A489A78F1EF182D000D5DD07 = {
			isa = PBXGroup;
			children = (
				A489A79A1EF182D000D5DD07 /* LiveRendering */,
				A489A7991EF182D000D5DD07 /* Products */,
			);
			sourceTree = "<group>";
		};
		A489A7991EF182D000D5DD07 /* Products */ = {
			isa = PBXGroup;
			children = (
				A489A7981EF182D000D5DD07 /* LiveRendering.app */,
			);
			name = Products;
			sourceTree = "<group>";
		};
		A489A79A1EF182D000D5DD07 /* LiveRendering */ = {
			isa = PBXGroup;
			children = (
				A489A7AD1EF1845D00D5DD07 /* Supporting Files */,
				A489A79D1EF182D000D5DD07 /* ViewController.swift */,
				A489A7AE1EF1848600D5DD07 /* PieView.swift */,
				A489A79F1EF182D000D5DD07 /* Main.storyboard */,
			);
			path = LiveRendering;
			sourceTree = "<group>";
		};
		A489A7AD1EF1845D00D5DD07 /* Supporting Files */ = {
			isa = PBXGroup;
			children = (
				A489A79B1EF182D000D5DD07 /* AppDelegate.swift */,
				A489A7A21EF182D000D5DD07 /* Assets.xcassets */,
				A489A7A41EF182D000D5DD07 /* LaunchScreen.storyboard */,
				A489A7A71EF182D000D5DD07 /* Info.plist */,
			);
			name = "Supporting Files";
			sourceTree = "<group>";
		};
/* End PBXGroup section */

/* Begin PBXNativeTarget section */
		A489A7971EF182D000D5DD07 /* LiveRendering */ = {
			isa = PBXNativeTarget;
			buildConfigurationList = A489A7AA1EF182D000D5DD07 /* Build configuration list for PBXNativeTarget "LiveRendering" */;
			buildPhases = (
				A489A7941EF182D000D5DD07 /* Sources */,
				A489A7951EF182D000D5DD07 /* Frameworks */,
				A489A7961EF182D000D5DD07 /* Resources */,
			);
			buildRules = (
			);
			dependencies = (
			);
			name = LiveRendering;
			productName = LiveRendering;
			productReference = A489A7981EF182D000D5DD07 /* LiveRendering.app */;
			productType = "com.apple.product-type.application";
		};
/* End PBXNativeTarget section */

/* Begin PBXProject section */
		A489A7901EF182D000D5DD07 /* Project object */ = {
			isa = PBXProject;
			attributes = {
				LastSwiftUpdateCheck = 0830;
				LastUpgradeCheck = 0830;
				ORGANIZATIONNAME = "Pavel Selivanov";
				TargetAttributes = {
					A489A7971EF182D000D5DD07 = {
						CreatedOnToolsVersion = 8.3.1;
						ProvisioningStyle = Automatic;
					};
				};
			};
			buildConfigurationList = A489A7931EF182D000D5DD07 /* Build configuration list for PBXProject "LiveRendering" */;
			compatibilityVersion = "Xcode 3.2";
			developmentRegion = English;
			hasScannedForEncodings = 0;
			knownRegions = (
				en,
				Base,
			);
			mainGroup = A489A78F1EF182D000D5DD07;
			productRefGroup = A489A7991EF182D000D5DD07 /* Products */;
			projectDirPath = "";
			projectRoot = "";
			targets = (
				A489A7971EF182D000D5DD07 /* LiveRendering */,
			);
		};
/* End PBXProject section */

/* Begin PBXResourcesBuildPhase section */
		A489A7961EF182D000D5DD07 /* Resources */ = {
			isa = PBXResourcesBuildPhase;
			buildActionMask = 2147483647;
			files = (
				A489A7A61EF182D000D5DD07 /* LaunchScreen.storyboard in Resources */,
				A489A7A31EF182D000D5DD07 /* Assets.xcassets in Resources */,
				A489A7A11EF182D000D5DD07 /* Main.storyboard in Resources */,
			);
			runOnlyForDeploymentPostprocessing = 0;
		};
/* End PBXResourcesBuildPhase section */

/* Begin PBXSourcesBuildPhase section */
		A489A7941EF182D000D5DD07 /* Sources */ = {
			isa = PBXSourcesBuildPhase;
			buildActionMask = 2147483647;
			files = (
				A489A79E1EF182D000D5DD07 /* ViewController.swift in Sources */,
				A489A79C1EF182D000D5DD07 /* AppDelegate.swift in Sources */,
				A489A7AF1EF1848600D5DD07 /* PieView.swift in Sources */,
			);
			runOnlyForDeploymentPostprocessing = 0;
		};
/* End PBXSourcesBuildPhase section */

/* Begin PBXVariantGroup section */
		A489A79F1EF182D000D5DD07 /* Main.storyboard */ = {
			isa = PBXVariantGroup;
			children = (
				A489A7A01EF182D000D5DD07 /* Base */,
			);
			name = Main.storyboard;
			sourceTree = "<group>";
		};
		A489A7A41EF182D000D5DD07 /* LaunchScreen.storyboard */ = {
			isa = PBXVariantGroup;
			children = (
				A489A7A51EF182D000D5DD07 /* Base */,
			);
			name = LaunchScreen.storyboard;
			sourceTree = "<group>";
		};
/* End PBXVariantGroup section */

/* Begin XCBuildConfiguration section */
		A489A7A81EF182D000D5DD07 /* Debug */ = {
			isa = XCBuildConfiguration;
			buildSettings = {
				ALWAYS_SEARCH_USER_PATHS = NO;
				CLANG_ANALYZER_NONNULL = YES;
				CLANG_ANALYZER_NUMBER_OBJECT_CONVERSION = YES_AGGRESSIVE;
				CLANG_CXX_LANGUAGE_STANDARD = "gnu++0x";
				CLANG_CXX_LIBRARY = "libc++";
				CLANG_ENABLE_MODULES = YES;
				CLANG_ENABLE_OBJC_ARC = YES;
				CLANG_WARN_BOOL_CONVERSION = YES;
				CLANG_WARN_CONSTANT_CONVERSION = YES;
				CLANG_WARN_DIRECT_OBJC_ISA_USAGE = YES_ERROR;
				CLANG_WARN_DOCUMENTATION_COMMENTS = YES;
				CLANG_WARN_EMPTY_BODY = YES;
				CLANG_WARN_ENUM_CONVERSION = YES;
				CLANG_WARN_INFINITE_RECURSION = YES;
				CLANG_WARN_INT_CONVERSION = YES;
				CLANG_WARN_OBJC_ROOT_CLASS = YES_ERROR;
				CLANG_WARN_SUSPICIOUS_MOVE = YES;
				CLANG_WARN_UNREACHABLE_CODE = YES;
				CLANG_WARN__DUPLICATE_METHOD_MATCH = YES;
				"CODE_SIGN_IDENTITY[sdk=iphoneos*]" = "iPhone Developer";
				COPY_PHASE_STRIP = NO;
				DEBUG_INFORMATION_FORMAT = dwarf;
				ENABLE_STRICT_OBJC_MSGSEND = YES;
				ENABLE_TESTABILITY = YES;
				GCC_C_LANGUAGE_STANDARD = gnu99;
				GCC_DYNAMIC_NO_PIC = NO;
				GCC_NO_COMMON_BLOCKS = YES;
				GCC_OPTIMIZATION_LEVEL = 0;
				GCC_PREPROCESSOR_DEFINITIONS = (
					"DEBUG=1",
					"$(inherited)",
				);
				GCC_WARN_64_TO_32_BIT_CONVERSION = YES;
				GCC_WARN_ABOUT_RETURN_TYPE = YES_ERROR;
				GCC_WARN_UNDECLARED_SELECTOR = YES;
				GCC_WARN_UNINITIALIZED_AUTOS = YES_AGGRESSIVE;
				GCC_WARN_UNUSED_FUNCTION = YES;
				GCC_WARN_UNUSED_VARIABLE = YES;
				IPHONEOS_DEPLOYMENT_TARGET = 10.3;
				MTL_ENABLE_DEBUG_INFO = YES;
				ONLY_ACTIVE_ARCH = YES;
				SDKROOT = iphoneos;
				SWIFT_ACTIVE_COMPILATION_CONDITIONS = DEBUG;
				SWIFT_OPTIMIZATION_LEVEL = "-Onone";
			};
			name = Debug;
		};
		A489A7A91EF182D000D5DD07 /* Release */ = {
			isa = XCBuildConfiguration;
			buildSettings = {
				ALWAYS_SEARCH_USER_PATHS = NO;
				CLANG_ANALYZER_NONNULL = YES;
				CLANG_ANALYZER_NUMBER_OBJECT_CONVERSION = YES_AGGRESSIVE;
				CLANG_CXX_LANGUAGE_STANDARD = "gnu++0x";
				CLANG_CXX_LIBRARY = "libc++";
				CLANG_ENABLE_MODULES = YES;
				CLANG_ENABLE_OBJC_ARC = YES;
				CLANG_WARN_BOOL_CONVERSION = YES;
				CLANG_WARN_CONSTANT_CONVERSION = YES;
				CLANG_WARN_DIRECT_OBJC_ISA_USAGE = YES_ERROR;
				CLANG_WARN_DOCUMENTATION_COMMENTS = YES;
				CLANG_WARN_EMPTY_BODY = YES;
				CLANG_WARN_ENUM_CONVERSION = YES;
				CLANG_WARN_INFINITE_RECURSION = YES;
				CLANG_WARN_INT_CONVERSION = YES;
				CLANG_WARN_OBJC_ROOT_CLASS = YES_ERROR;
				CLANG_WARN_SUSPICIOUS_MOVE = YES;
				CLANG_WARN_UNREACHABLE_CODE = YES;
				CLANG_WARN__DUPLICATE_METHOD_MATCH = YES;
				"CODE_SIGN_IDENTITY[sdk=iphoneos*]" = "iPhone Developer";
				COPY_PHASE_STRIP = NO;
				DEBUG_INFORMATION_FORMAT = "dwarf-with-dsym";
				ENABLE_NS_ASSERTIONS = NO;
				ENABLE_STRICT_OBJC_MSGSEND = YES;
				GCC_C_LANGUAGE_STANDARD = gnu99;
				GCC_NO_COMMON_BLOCKS = YES;
				GCC_WARN_64_TO_32_BIT_CONVERSION = YES;
				GCC_WARN_ABOUT_RETURN_TYPE = YES_ERROR;
				GCC_WARN_UNDECLARED_SELECTOR = YES;
				GCC_WARN_UNINITIALIZED_AUTOS = YES_AGGRESSIVE;
				GCC_WARN_UNUSED_FUNCTION = YES;
				GCC_WARN_UNUSED_VARIABLE = YES;
				IPHONEOS_DEPLOYMENT_TARGET = 10.3;
				MTL_ENABLE_DEBUG_INFO = NO;
				SDKROOT = iphoneos;
				SWIFT_OPTIMIZATION_LEVEL = "-Owholemodule";
				VALIDATE_PRODUCT = YES;
			};
			name = Release;
		};
		A489A7AB1EF182D000D5DD07 /* Debug */ = {
			isa = XCBuildConfiguration;
			buildSettings = {
				ASSETCATALOG_COMPILER_APPICON_NAME = AppIcon;
				INFOPLIST_FILE = LiveRendering/Info.plist;
				LD_RUNPATH_SEARCH_PATHS = "$(inherited) @executable_path/Frameworks";
				PRODUCT_BUNDLE_IDENTIFIER = "com.Pavel-Selivanov.LiveRendering";
				PRODUCT_NAME = "$(TARGET_NAME)";
				SWIFT_VERSION = 3.0;
			};
			name = Debug;
		};
		A489A7AC1EF182D000D5DD07 /* Release */ = {
			isa = XCBuildConfiguration;
			buildSettings = {
				ASSETCATALOG_COMPILER_APPICON_NAME = AppIcon;
				INFOPLIST_FILE = LiveRendering/Info.plist;
				LD_RUNPATH_SEARCH_PATHS = "$(inherited) @executable_path/Frameworks";
				PRODUCT_BUNDLE_IDENTIFIER = "com.Pavel-Selivanov.LiveRendering";
				PRODUCT_NAME = "$(TARGET_NAME)";
				SWIFT_VERSION = 3.0;
			};
			name = Release;
		};
/* End XCBuildConfiguration section */

/* Begin XCConfigurationList section */
		A489A7931EF182D000D5DD07 /* Build configuration list for PBXProject "LiveRendering" */ = {
			isa = XCConfigurationList;
			buildConfigurations = (
				A489A7A81EF182D000D5DD07 /* Debug */,
				A489A7A91EF182D000D5DD07 /* Release */,
			);
			defaultConfigurationIsVisible = 0;
			defaultConfigurationName = Release;
		};
		A489A7AA1EF182D000D5DD07 /* Build configuration list for PBXNativeTarget "LiveRendering" */ = {
			isa = XCConfigurationList;
			buildConfigurations = (
				A489A7AB1EF182D000D5DD07 /* Debug */,
				A489A7AC1EF182D000D5DD07 /* Release */,
			);
			defaultConfigurationIsVisible = 0;
		};
/* End XCConfigurationList section */
	};
	rootObject = A489A7901EF182D000D5DD07 /* Project object */;
}
